// !$*UTF8*$!
{
	archiveVersion = 1;
	classes = {
	};
	objectVersion = 48;
	objects = {

/* Begin PBXBuildFile section */
		844168161FB1336600BBADFF /* AppDelegate.swift in Sources */ = {isa = PBXBuildFile; fileRef = 844168151FB1336600BBADFF /* AppDelegate.swift */; };
		844168181FB1336600BBADFF /* ViewController.swift in Sources */ = {isa = PBXBuildFile; fileRef = 844168171FB1336600BBADFF /* ViewController.swift */; };
		8441681B1FB1336600BBADFF /* Main.storyboard in Resources */ = {isa = PBXBuildFile; fileRef = 844168191FB1336600BBADFF /* Main.storyboard */; };
		8441681D1FB1336600BBADFF /* Assets.xcassets in Resources */ = {isa = PBXBuildFile; fileRef = 8441681C1FB1336600BBADFF /* Assets.xcassets */; };
		844168201FB1336600BBADFF /* LaunchScreen.storyboard in Resources */ = {isa = PBXBuildFile; fileRef = 8441681E1FB1336600BBADFF /* LaunchScreen.storyboard */; };
		8441682D1FB13A7000BBADFF /* FBSDKCoreKit.framework in Frameworks */ = {isa = PBXBuildFile; fileRef = 844168281FB1346500BBADFF /* FBSDKCoreKit.framework */; };
		8441682E1FB13A7500BBADFF /* FBSDKLoginKit.framework in Frameworks */ = {isa = PBXBuildFile; fileRef = 844168291FB1346500BBADFF /* FBSDKLoginKit.framework */; };
/* End PBXBuildFile section */

/* Begin PBXFileReference section */
		844168121FB1336600BBADFF /* Clase02.app */ = {isa = PBXFileReference; explicitFileType = wrapper.application; includeInIndex = 0; path = Clase02.app; sourceTree = BUILT_PRODUCTS_DIR; };
		844168151FB1336600BBADFF /* AppDelegate.swift */ = {isa = PBXFileReference; lastKnownFileType = sourcecode.swift; path = AppDelegate.swift; sourceTree = "<group>"; };
		844168171FB1336600BBADFF /* ViewController.swift */ = {isa = PBXFileReference; lastKnownFileType = sourcecode.swift; path = ViewController.swift; sourceTree = "<group>"; };
		8441681A1FB1336600BBADFF /* Base */ = {isa = PBXFileReference; lastKnownFileType = file.storyboard; name = Base; path = Base.lproj/Main.storyboard; sourceTree = "<group>"; };
		8441681C1FB1336600BBADFF /* Assets.xcassets */ = {isa = PBXFileReference; lastKnownFileType = folder.assetcatalog; path = Assets.xcassets; sourceTree = "<group>"; };
		8441681F1FB1336600BBADFF /* Base */ = {isa = PBXFileReference; lastKnownFileType = file.storyboard; name = Base; path = Base.lproj/LaunchScreen.storyboard; sourceTree = "<group>"; };
		844168211FB1336600BBADFF /* Info.plist */ = {isa = PBXFileReference; lastKnownFileType = text.plist.xml; path = Info.plist; sourceTree = "<group>"; };
		844168281FB1346500BBADFF /* FBSDKCoreKit.framework */ = {isa = PBXFileReference; lastKnownFileType = wrapper.framework; path = FBSDKCoreKit.framework; sourceTree = "<group>"; };
		844168291FB1346500BBADFF /* FBSDKLoginKit.framework */ = {isa = PBXFileReference; lastKnownFileType = wrapper.framework; path = FBSDKLoginKit.framework; sourceTree = "<group>"; };
		8441682A1FB1396200BBADFF /* Clase02-Bridging-Header.h */ = {isa = PBXFileReference; lastKnownFileType = sourcecode.c.h; path = "Clase02-Bridging-Header.h"; sourceTree = "<group>"; };
		8441682F1FB13E8100BBADFF /* Bolts.framework */ = {isa = PBXFileReference; lastKnownFileType = wrapper.framework; path = Bolts.framework; sourceTree = "<group>"; };
/* End PBXFileReference section */

/* Begin PBXFrameworksBuildPhase section */
		8441680F1FB1336600BBADFF /* Frameworks */ = {
			isa = PBXFrameworksBuildPhase;
			buildActionMask = 2147483647;
			files = (
				8441682E1FB13A7500BBADFF /* FBSDKLoginKit.framework in Frameworks */,
				8441682D1FB13A7000BBADFF /* FBSDKCoreKit.framework in Frameworks */,
			);
			runOnlyForDeploymentPostprocessing = 0;
		};
/* End PBXFrameworksBuildPhase section */

/* Begin PBXGroup section */
		844168091FB1336600BBADFF = {
			isa = PBXGroup;
			children = (
				844168141FB1336600BBADFF /* Clase02 */,
				844168131FB1336600BBADFF /* Products */,
			);
			sourceTree = "<group>";
		};
		844168131FB1336600BBADFF /* Products */ = {
			isa = PBXGroup;
			children = (
				844168121FB1336600BBADFF /* Clase02.app */,
			);
			name = Products;
			sourceTree = "<group>";
		};
		844168141FB1336600BBADFF /* Clase02 */ = {
			isa = PBXGroup;
			children = (
				844168271FB1343A00BBADFF /* Frameworks */,
				844168151FB1336600BBADFF /* AppDelegate.swift */,
				844168171FB1336600BBADFF /* ViewController.swift */,
				844168191FB1336600BBADFF /* Main.storyboard */,
				8441681C1FB1336600BBADFF /* Assets.xcassets */,
				8441681E1FB1336600BBADFF /* LaunchScreen.storyboard */,
				844168211FB1336600BBADFF /* Info.plist */,
				8441682A1FB1396200BBADFF /* Clase02-Bridging-Header.h */,
			);
			path = Clase02;
			sourceTree = "<group>";
		};
		844168271FB1343A00BBADFF /* Frameworks */ = {
			isa = PBXGroup;
			children = (
				8441682F1FB13E8100BBADFF /* Bolts.framework */,
				844168281FB1346500BBADFF /* FBSDKCoreKit.framework */,
				844168291FB1346500BBADFF /* FBSDKLoginKit.framework */,
			);
			path = Frameworks;
			sourceTree = "<group>";
		};
/* End PBXGroup section */

/* Begin PBXNativeTarget section */
		844168111FB1336600BBADFF /* Clase02 */ = {
			isa = PBXNativeTarget;
			buildConfigurationList = 844168241FB1336600BBADFF /* Build configuration list for PBXNativeTarget "Clase02" */;
			buildPhases = (
				8441680E1FB1336600BBADFF /* Sources */,
				8441680F1FB1336600BBADFF /* Frameworks */,
				844168101FB1336600BBADFF /* Resources */,
			);
			buildRules = (
			);
			dependencies = (
			);
			name = Clase02;
			productName = Clase02;
			productReference = 844168121FB1336600BBADFF /* Clase02.app */;
			productType = "com.apple.product-type.application";
		};
/* End PBXNativeTarget section */

/* Begin PBXProject section */
		8441680A1FB1336600BBADFF /* Project object */ = {
			isa = PBXProject;
			attributes = {
				LastSwiftUpdateCheck = 0900;
				LastUpgradeCheck = 0900;
				ORGANIZATIONNAME = Area51;
				TargetAttributes = {
					844168111FB1336600BBADFF = {
						CreatedOnToolsVersion = 9.0;
						LastSwiftMigration = 0900;
						ProvisioningStyle = Automatic;
					};
				};
			};
			buildConfigurationList = 8441680D1FB1336600BBADFF /* Build configuration list for PBXProject "Clase02" */;
			compatibilityVersion = "Xcode 8.0";
			developmentRegion = en;
			hasScannedForEncodings = 0;
			knownRegions = (
				en,
				Base,
			);
			mainGroup = 844168091FB1336600BBADFF;
			productRefGroup = 844168131FB1336600BBADFF /* Products */;
			projectDirPath = "";
			projectRoot = "";
			targets = (
				844168111FB1336600BBADFF /* Clase02 */,
			);
		};
/* End PBXProject section */

/* Begin PBXResourcesBuildPhase section */
		844168101FB1336600BBADFF /* Resources */ = {
			isa = PBXResourcesBuildPhase;
			buildActionMask = 2147483647;
			files = (
				844168201FB1336600BBADFF /* LaunchScreen.storyboard in Resources */,
				8441681D1FB1336600BBADFF /* Assets.xcassets in Resources */,
				8441681B1FB1336600BBADFF /* Main.storyboard in Resources */,
			);
			runOnlyForDeploymentPostprocessing = 0;
		};
/* End PBXResourcesBuildPhase section */

/* Begin PBXSourcesBuildPhase section */
		8441680E1FB1336600BBADFF /* Sources */ = {
			isa = PBXSourcesBuildPhase;
			buildActionMask = 2147483647;
			files = (
				844168181FB1336600BBADFF /* ViewController.swift in Sources */,
				844168161FB1336600BBADFF /* AppDelegate.swift in Sources */,
			);
			runOnlyForDeploymentPostprocessing = 0;
		};
/* End PBXSourcesBuildPhase section */

/* Begin PBXVariantGroup section */
		844168191FB1336600BBADFF /* Main.storyboard */ = {
			isa = PBXVariantGroup;
			children = (
				8441681A1FB1336600BBADFF /* Base */,
			);
			name = Main.storyboard;
			sourceTree = "<group>";
		};
		8441681E1FB1336600BBADFF /* LaunchScreen.storyboard */ = {
			isa = PBXVariantGroup;
			children = (
				8441681F1FB1336600BBADFF /* Base */,
			);
			name = LaunchScreen.storyboard;
			sourceTree = "<group>";
		};
/* End PBXVariantGroup section */

/* Begin XCBuildConfiguration section */
		844168221FB1336600BBADFF /* Debug */ = {
			isa = XCBuildConfiguration;
			buildSettings = {
				ALWAYS_SEARCH_USER_PATHS = NO;
				CLANG_ANALYZER_NONNULL = YES;
				CLANG_ANALYZER_NUMBER_OBJECT_CONVERSION = YES_AGGRESSIVE;
				CLANG_CXX_LANGUAGE_STANDARD = "gnu++14";
				CLANG_CXX_LIBRARY = "libc++";
				CLANG_ENABLE_MODULES = YES;
				CLANG_ENABLE_OBJC_ARC = YES;
				CLANG_WARN_BLOCK_CAPTURE_AUTORELEASING = YES;
				CLANG_WARN_BOOL_CONVERSION = YES;
				CLANG_WARN_COMMA = YES;
				CLANG_WARN_CONSTANT_CONVERSION = YES;
				CLANG_WARN_DIRECT_OBJC_ISA_USAGE = YES_ERROR;
				CLANG_WARN_DOCUMENTATION_COMMENTS = YES;
				CLANG_WARN_EMPTY_BODY = YES;
				CLANG_WARN_ENUM_CONVERSION = YES;
				CLANG_WARN_INFINITE_RECURSION = YES;
				CLANG_WARN_INT_CONVERSION = YES;
				CLANG_WARN_NON_LITERAL_NULL_CONVERSION = YES;
				CLANG_WARN_OBJC_LITERAL_CONVERSION = YES;
				CLANG_WARN_OBJC_ROOT_CLASS = YES_ERROR;
				CLANG_WARN_RANGE_LOOP_ANALYSIS = YES;
				CLANG_WARN_STRICT_PROTOTYPES = YES;
				CLANG_WARN_SUSPICIOUS_MOVE = YES;
				CLANG_WARN_UNGUARDED_AVAILABILITY = YES_AGGRESSIVE;
				CLANG_WARN_UNREACHABLE_CODE = YES;
				CLANG_WARN__DUPLICATE_METHOD_MATCH = YES;
				CODE_SIGN_IDENTITY = "iPhone Developer";
				COPY_PHASE_STRIP = NO;
				DEBUG_INFORMATION_FORMAT = dwarf;
				ENABLE_STRICT_OBJC_MSGSEND = YES;
				ENABLE_TESTABILITY = YES;
				GCC_C_LANGUAGE_STANDARD = gnu11;
				GCC_DYNAMIC_NO_PIC = NO;
				GCC_NO_COMMON_BLOCKS = YES;
				GCC_OPTIMIZATION_LEVEL = 0;
				GCC_PREPROCESSOR_DEFINITIONS = (
					"DEBUG=1",
					"$(inherited)",
				);
				GCC_WARN_64_TO_32_BIT_CONVERSION = YES;
				GCC_WARN_ABOUT_RETURN_TYPE = YES_ERROR;
				GCC_WARN_UNDECLARED_SELECTOR = YES;
				GCC_WARN_UNINITIALIZED_AUTOS = YES_AGGRESSIVE;
				GCC_WARN_UNUSED_FUNCTION = YES;
				GCC_WARN_UNUSED_VARIABLE = YES;
				IPHONEOS_DEPLOYMENT_TARGET = 11.0;
				MTL_ENABLE_DEBUG_INFO = YES;
				ONLY_ACTIVE_ARCH = YES;
				SDKROOT = iphoneos;
				SWIFT_ACTIVE_COMPILATION_CONDITIONS = DEBUG;
				SWIFT_OPTIMIZATION_LEVEL = "-Onone";
			};
			name = Debug;
		};
		844168231FB1336600BBADFF /* Release */ = {
			isa = XCBuildConfiguration;
			buildSettings = {
				ALWAYS_SEARCH_USER_PATHS = NO;
				CLANG_ANALYZER_NONNULL = YES;
				CLANG_ANALYZER_NUMBER_OBJECT_CONVERSION = YES_AGGRESSIVE;
				CLANG_CXX_LANGUAGE_STANDARD = "gnu++14";
				CLANG_CXX_LIBRARY = "libc++";
				CLANG_ENABLE_MODULES = YES;
				CLANG_ENABLE_OBJC_ARC = YES;
				CLANG_WARN_BLOCK_CAPTURE_AUTORELEASING = YES;
				CLANG_WARN_BOOL_CONVERSION = YES;
				CLANG_WARN_COMMA = YES;
				CLANG_WARN_CONSTANT_CONVERSION = YES;
				CLANG_WARN_DIRECT_OBJC_ISA_USAGE = YES_ERROR;
				CLANG_WARN_DOCUMENTATION_COMMENTS = YES;
				CLANG_WARN_EMPTY_BODY = YES;
				CLANG_WARN_ENUM_CONVERSION = YES;
				CLANG_WARN_INFINITE_RECURSION = YES;
				CLANG_WARN_INT_CONVERSION = YES;
				CLANG_WARN_NON_LITERAL_NULL_CONVERSION = YES;
				CLANG_WARN_OBJC_LITERAL_CONVERSION = YES;
				CLANG_WARN_OBJC_ROOT_CLASS = YES_ERROR;
				CLANG_WARN_RANGE_LOOP_ANALYSIS = YES;
				CLANG_WARN_STRICT_PROTOTYPES = YES;
				CLANG_WARN_SUSPICIOUS_MOVE = YES;
				CLANG_WARN_UNGUARDED_AVAILABILITY = YES_AGGRESSIVE;
				CLANG_WARN_UNREACHABLE_CODE = YES;
				CLANG_WARN__DUPLICATE_METHOD_MATCH = YES;
				CODE_SIGN_IDENTITY = "iPhone Developer";
				COPY_PHASE_STRIP = NO;
				DEBUG_INFORMATION_FORMAT = "dwarf-with-dsym";
				ENABLE_NS_ASSERTIONS = NO;
				ENABLE_STRICT_OBJC_MSGSEND = YES;
				GCC_C_LANGUAGE_STANDARD = gnu11;
				GCC_NO_COMMON_BLOCKS = YES;
				GCC_WARN_64_TO_32_BIT_CONVERSION = YES;
				GCC_WARN_ABOUT_RETURN_TYPE = YES_ERROR;
				GCC_WARN_UNDECLARED_SELECTOR = YES;
				GCC_WARN_UNINITIALIZED_AUTOS = YES_AGGRESSIVE;
				GCC_WARN_UNUSED_FUNCTION = YES;
				GCC_WARN_UNUSED_VARIABLE = YES;
				IPHONEOS_DEPLOYMENT_TARGET = 11.0;
				MTL_ENABLE_DEBUG_INFO = NO;
				SDKROOT = iphoneos;
				SWIFT_OPTIMIZATION_LEVEL = "-Owholemodule";
				VALIDATE_PRODUCT = YES;
			};
			name = Release;
		};
		844168251FB1336600BBADFF /* Debug */ = {
			isa = XCBuildConfiguration;
			buildSettings = {
				ASSETCATALOG_COMPILER_APPICON_NAME = AppIcon;
				CLANG_ENABLE_MODULES = YES;
				CODE_SIGN_STYLE = Automatic;
				DEVELOPMENT_TEAM = XJY6K7P63P;
				FRAMEWORK_SEARCH_PATHS = (
					"$(inherited)",
					"$(PROJECT_DIR)/Clase02/Frameworks",
				);
				INFOPLIST_FILE = Clase02/Info.plist;
				LD_RUNPATH_SEARCH_PATHS = "$(inherited) @executable_path/Frameworks";
				PRODUCT_BUNDLE_IDENTIFIER = com.Area51.Clase02;
				PRODUCT_NAME = "$(TARGET_NAME)";
				SWIFT_OBJC_BRIDGING_HEADER = "Clase02/Clase02-Bridging-Header.h";
				SWIFT_OPTIMIZATION_LEVEL = "-Onone";
				SWIFT_VERSION = 4.0;
				TARGETED_DEVICE_FAMILY = "1,2";
			};
			name = Debug;
		};
		844168261FB1336600BBADFF /* Release */ = {
			isa = XCBuildConfiguration;
			buildSettings = {
				ASSETCATALOG_COMPILER_APPICON_NAME = AppIcon;
				CLANG_ENABLE_MODULES = YES;
				CODE_SIGN_STYLE = Automatic;
				DEVELOPMENT_TEAM = XJY6K7P63P;
				FRAMEWORK_SEARCH_PATHS = (
					"$(inherited)",
					"$(PROJECT_DIR)/Clase02/Frameworks",
				);
				INFOPLIST_FILE = Clase02/Info.plist;
				LD_RUNPATH_SEARCH_PATHS = "$(inherited) @executable_path/Frameworks";
				PRODUCT_BUNDLE_IDENTIFIER = com.Area51.Clase02;
				PRODUCT_NAME = "$(TARGET_NAME)";
				SWIFT_OBJC_BRIDGING_HEADER = "Clase02/Clase02-Bridging-Header.h";
				SWIFT_VERSION = 4.0;
				TARGETED_DEVICE_FAMILY = "1,2";
			};
			name = Release;
		};
/* End XCBuildConfiguration section */

/* Begin XCConfigurationList section */
		8441680D1FB1336600BBADFF /* Build configuration list for PBXProject "Clase02" */ = {
			isa = XCConfigurationList;
			buildConfigurations = (
				844168221FB1336600BBADFF /* Debug */,
				844168231FB1336600BBADFF /* Release */,
			);
			defaultConfigurationIsVisible = 0;
			defaultConfigurationName = Release;
		};
		844168241FB1336600BBADFF /* Build configuration list for PBXNativeTarget "Clase02" */ = {
			isa = XCConfigurationList;
			buildConfigurations = (
				844168251FB1336600BBADFF /* Debug */,
				844168261FB1336600BBADFF /* Release */,
			);
			defaultConfigurationIsVisible = 0;
			defaultConfigurationName = Release;
		};
/* End XCConfigurationList section */
	};
	rootObject = 8441680A1FB1336600BBADFF /* Project object */;
}
