// !$*UTF8*$!
{
	archiveVersion = 1;
	classes = {
	};
	objectVersion = 48;
	objects = {

/* Begin PBXBuildFile section */
		0F4FE4531FAAB05100560C4A /* MyCustomViewController.swift in Sources */ = {isa = PBXBuildFile; fileRef = 0F4FE4521FAAB05100560C4A /* MyCustomViewController.swift */; };
		0F4FE4591FAACC1400560C4A /* MyListViewController.swift in Sources */ = {isa = PBXBuildFile; fileRef = 0F4FE4581FAACC1400560C4A /* MyListViewController.swift */; };
		FBAC5ED31FA401E4007B41A5 /* AppDelegate.swift in Sources */ = {isa = PBXBuildFile; fileRef = FBAC5ED21FA401E4007B41A5 /* AppDelegate.swift */; };
		FBAC5ED81FA401E4007B41A5 /* Main.storyboard in Resources */ = {isa = PBXBuildFile; fileRef = FBAC5ED61FA401E4007B41A5 /* Main.storyboard */; };
		FBAC5EDA1FA401E4007B41A5 /* Assets.xcassets in Resources */ = {isa = PBXBuildFile; fileRef = FBAC5ED91FA401E4007B41A5 /* Assets.xcassets */; };
		FBAC5EDD1FA401E4007B41A5 /* LaunchScreen.storyboard in Resources */ = {isa = PBXBuildFile; fileRef = FBAC5EDB1FA401E4007B41A5 /* LaunchScreen.storyboard */; };
		FBAC5EE51FA406E4007B41A5 /* CustomViewController.swift in Sources */ = {isa = PBXBuildFile; fileRef = FBAC5EE41FA406E4007B41A5 /* CustomViewController.swift */; };
		FBC575201FA416CE00DC6B87 /* ListViewController.swift in Sources */ = {isa = PBXBuildFile; fileRef = FBC5751F1FA416CE00DC6B87 /* ListViewController.swift */; };
/* End PBXBuildFile section */

/* Begin PBXFileReference section */
		0F4FE4521FAAB05100560C4A /* MyCustomViewController.swift */ = {isa = PBXFileReference; lastKnownFileType = sourcecode.swift; path = MyCustomViewController.swift; sourceTree = "<group>"; };
		0F4FE4581FAACC1400560C4A /* MyListViewController.swift */ = {isa = PBXFileReference; lastKnownFileType = sourcecode.swift; path = MyListViewController.swift; sourceTree = "<group>"; };
		FBAC5ECF1FA401E4007B41A5 /* Clase 7.app */ = {isa = PBXFileReference; explicitFileType = wrapper.application; includeInIndex = 0; path = "Clase 7.app"; sourceTree = BUILT_PRODUCTS_DIR; };
		FBAC5ED21FA401E4007B41A5 /* AppDelegate.swift */ = {isa = PBXFileReference; lastKnownFileType = sourcecode.swift; path = AppDelegate.swift; sourceTree = "<group>"; };
		FBAC5ED71FA401E4007B41A5 /* Base */ = {isa = PBXFileReference; lastKnownFileType = file.storyboard; name = Base; path = Base.lproj/Main.storyboard; sourceTree = "<group>"; };
		FBAC5ED91FA401E4007B41A5 /* Assets.xcassets */ = {isa = PBXFileReference; lastKnownFileType = folder.assetcatalog; path = Assets.xcassets; sourceTree = "<group>"; };
		FBAC5EDC1FA401E4007B41A5 /* Base */ = {isa = PBXFileReference; lastKnownFileType = file.storyboard; name = Base; path = Base.lproj/LaunchScreen.storyboard; sourceTree = "<group>"; };
		FBAC5EDE1FA401E4007B41A5 /* Info.plist */ = {isa = PBXFileReference; lastKnownFileType = text.plist.xml; path = Info.plist; sourceTree = "<group>"; };
		FBAC5EE41FA406E4007B41A5 /* CustomViewController.swift */ = {isa = PBXFileReference; lastKnownFileType = sourcecode.swift; path = CustomViewController.swift; sourceTree = "<group>"; };
		FBC5751F1FA416CE00DC6B87 /* ListViewController.swift */ = {isa = PBXFileReference; lastKnownFileType = sourcecode.swift; path = ListViewController.swift; sourceTree = "<group>"; };
/* End PBXFileReference section */

/* Begin PBXFrameworksBuildPhase section */
		FBAC5ECC1FA401E4007B41A5 /* Frameworks */ = {
			isa = PBXFrameworksBuildPhase;
			buildActionMask = 2147483647;
			files = (
			);
			runOnlyForDeploymentPostprocessing = 0;
		};
/* End PBXFrameworksBuildPhase section */

/* Begin PBXGroup section */
		FBAC5EC61FA401E4007B41A5 = {
			isa = PBXGroup;
			children = (
				FBAC5ED11FA401E4007B41A5 /* Clase 7 */,
				FBAC5ED01FA401E4007B41A5 /* Products */,
			);
			sourceTree = "<group>";
		};
		FBAC5ED01FA401E4007B41A5 /* Products */ = {
			isa = PBXGroup;
			children = (
				FBAC5ECF1FA401E4007B41A5 /* Clase 7.app */,
			);
			name = Products;
			sourceTree = "<group>";
		};
		FBAC5ED11FA401E4007B41A5 /* Clase 7 */ = {
			isa = PBXGroup;
			children = (
				FBAC5ED21FA401E4007B41A5 /* AppDelegate.swift */,
				FBAC5ED61FA401E4007B41A5 /* Main.storyboard */,
				0F4FE4521FAAB05100560C4A /* MyCustomViewController.swift */,
				FBAC5ED91FA401E4007B41A5 /* Assets.xcassets */,
				FBAC5EDB1FA401E4007B41A5 /* LaunchScreen.storyboard */,
				FBAC5EDE1FA401E4007B41A5 /* Info.plist */,
				FBAC5EE41FA406E4007B41A5 /* CustomViewController.swift */,
				FBC5751F1FA416CE00DC6B87 /* ListViewController.swift */,
				0F4FE4581FAACC1400560C4A /* MyListViewController.swift */,
			);
			path = "Clase 7";
			sourceTree = "<group>";
		};
/* End PBXGroup section */

/* Begin PBXNativeTarget section */
		FBAC5ECE1FA401E4007B41A5 /* Clase 7 */ = {
			isa = PBXNativeTarget;
			buildConfigurationList = FBAC5EE11FA401E4007B41A5 /* Build configuration list for PBXNativeTarget "Clase 7" */;
			buildPhases = (
				FBAC5ECB1FA401E4007B41A5 /* Sources */,
				FBAC5ECC1FA401E4007B41A5 /* Frameworks */,
				FBAC5ECD1FA401E4007B41A5 /* Resources */,
			);
			buildRules = (
			);
			dependencies = (
			);
			name = "Clase 7";
			productName = "Clase 7";
			productReference = FBAC5ECF1FA401E4007B41A5 /* Clase 7.app */;
			productType = "com.apple.product-type.application";
		};
/* End PBXNativeTarget section */

/* Begin PBXProject section */
		FBAC5EC71FA401E4007B41A5 /* Project object */ = {
			isa = PBXProject;
			attributes = {
				LastSwiftUpdateCheck = 0900;
				LastUpgradeCheck = 0900;
				ORGANIZATIONNAME = "Franti Saúl Huamán Mera";
				TargetAttributes = {
					FBAC5ECE1FA401E4007B41A5 = {
						CreatedOnToolsVersion = 9.0;
						ProvisioningStyle = Automatic;
					};
				};
			};
			buildConfigurationList = FBAC5ECA1FA401E4007B41A5 /* Build configuration list for PBXProject "Clase 7" */;
			compatibilityVersion = "Xcode 8.0";
			developmentRegion = en;
			hasScannedForEncodings = 0;
			knownRegions = (
				en,
				Base,
			);
			mainGroup = FBAC5EC61FA401E4007B41A5;
			productRefGroup = FBAC5ED01FA401E4007B41A5 /* Products */;
			projectDirPath = "";
			projectRoot = "";
			targets = (
				FBAC5ECE1FA401E4007B41A5 /* Clase 7 */,
			);
		};
/* End PBXProject section */

/* Begin PBXResourcesBuildPhase section */
		FBAC5ECD1FA401E4007B41A5 /* Resources */ = {
			isa = PBXResourcesBuildPhase;
			buildActionMask = 2147483647;
			files = (
				FBAC5EDD1FA401E4007B41A5 /* LaunchScreen.storyboard in Resources */,
				FBAC5EDA1FA401E4007B41A5 /* Assets.xcassets in Resources */,
				FBAC5ED81FA401E4007B41A5 /* Main.storyboard in Resources */,
			);
			runOnlyForDeploymentPostprocessing = 0;
		};
/* End PBXResourcesBuildPhase section */

/* Begin PBXSourcesBuildPhase section */
		FBAC5ECB1FA401E4007B41A5 /* Sources */ = {
			isa = PBXSourcesBuildPhase;
			buildActionMask = 2147483647;
			files = (
				FBAC5ED31FA401E4007B41A5 /* AppDelegate.swift in Sources */,
				FBAC5EE51FA406E4007B41A5 /* CustomViewController.swift in Sources */,
				0F4FE4591FAACC1400560C4A /* MyListViewController.swift in Sources */,
				FBC575201FA416CE00DC6B87 /* ListViewController.swift in Sources */,
				0F4FE4531FAAB05100560C4A /* MyCustomViewController.swift in Sources */,
			);
			runOnlyForDeploymentPostprocessing = 0;
		};
/* End PBXSourcesBuildPhase section */

/* Begin PBXVariantGroup section */
		FBAC5ED61FA401E4007B41A5 /* Main.storyboard */ = {
			isa = PBXVariantGroup;
			children = (
				FBAC5ED71FA401E4007B41A5 /* Base */,
			);
			name = Main.storyboard;
			sourceTree = "<group>";
		};
		FBAC5EDB1FA401E4007B41A5 /* LaunchScreen.storyboard */ = {
			isa = PBXVariantGroup;
			children = (
				FBAC5EDC1FA401E4007B41A5 /* Base */,
			);
			name = LaunchScreen.storyboard;
			sourceTree = "<group>";
		};
/* End PBXVariantGroup section */

/* Begin XCBuildConfiguration section */
		FBAC5EDF1FA401E4007B41A5 /* Debug */ = {
			isa = XCBuildConfiguration;
			buildSettings = {
				ALWAYS_SEARCH_USER_PATHS = NO;
				CLANG_ANALYZER_NONNULL = YES;
				CLANG_ANALYZER_NUMBER_OBJECT_CONVERSION = YES_AGGRESSIVE;
				CLANG_CXX_LANGUAGE_STANDARD = "gnu++14";
				CLANG_CXX_LIBRARY = "libc++";
				CLANG_ENABLE_MODULES = YES;
				CLANG_ENABLE_OBJC_ARC = YES;
				CLANG_WARN_BLOCK_CAPTURE_AUTORELEASING = YES;
				CLANG_WARN_BOOL_CONVERSION = YES;
				CLANG_WARN_COMMA = YES;
				CLANG_WARN_CONSTANT_CONVERSION = YES;
				CLANG_WARN_DIRECT_OBJC_ISA_USAGE = YES_ERROR;
				CLANG_WARN_DOCUMENTATION_COMMENTS = YES;
				CLANG_WARN_EMPTY_BODY = YES;
				CLANG_WARN_ENUM_CONVERSION = YES;
				CLANG_WARN_INFINITE_RECURSION = YES;
				CLANG_WARN_INT_CONVERSION = YES;
				CLANG_WARN_NON_LITERAL_NULL_CONVERSION = YES;
				CLANG_WARN_OBJC_LITERAL_CONVERSION = YES;
				CLANG_WARN_OBJC_ROOT_CLASS = YES_ERROR;
				CLANG_WARN_RANGE_LOOP_ANALYSIS = YES;
				CLANG_WARN_STRICT_PROTOTYPES = YES;
				CLANG_WARN_SUSPICIOUS_MOVE = YES;
				CLANG_WARN_UNGUARDED_AVAILABILITY = YES_AGGRESSIVE;
				CLANG_WARN_UNREACHABLE_CODE = YES;
				CLANG_WARN__DUPLICATE_METHOD_MATCH = YES;
				CODE_SIGN_IDENTITY = "iPhone Developer";
				COPY_PHASE_STRIP = NO;
				DEBUG_INFORMATION_FORMAT = dwarf;
				ENABLE_STRICT_OBJC_MSGSEND = YES;
				ENABLE_TESTABILITY = YES;
				GCC_C_LANGUAGE_STANDARD = gnu11;
				GCC_DYNAMIC_NO_PIC = NO;
				GCC_NO_COMMON_BLOCKS = YES;
				GCC_OPTIMIZATION_LEVEL = 0;
				GCC_PREPROCESSOR_DEFINITIONS = (
					"DEBUG=1",
					"$(inherited)",
				);
				GCC_WARN_64_TO_32_BIT_CONVERSION = YES;
				GCC_WARN_ABOUT_RETURN_TYPE = YES_ERROR;
				GCC_WARN_UNDECLARED_SELECTOR = YES;
				GCC_WARN_UNINITIALIZED_AUTOS = YES_AGGRESSIVE;
				GCC_WARN_UNUSED_FUNCTION = YES;
				GCC_WARN_UNUSED_VARIABLE = YES;
				IPHONEOS_DEPLOYMENT_TARGET = 11.0;
				MTL_ENABLE_DEBUG_INFO = YES;
				ONLY_ACTIVE_ARCH = YES;
				SDKROOT = iphoneos;
				SWIFT_ACTIVE_COMPILATION_CONDITIONS = DEBUG;
				SWIFT_OPTIMIZATION_LEVEL = "-Onone";
			};
			name = Debug;
		};
		FBAC5EE01FA401E4007B41A5 /* Release */ = {
			isa = XCBuildConfiguration;
			buildSettings = {
				ALWAYS_SEARCH_USER_PATHS = NO;
				CLANG_ANALYZER_NONNULL = YES;
				CLANG_ANALYZER_NUMBER_OBJECT_CONVERSION = YES_AGGRESSIVE;
				CLANG_CXX_LANGUAGE_STANDARD = "gnu++14";
				CLANG_CXX_LIBRARY = "libc++";
				CLANG_ENABLE_MODULES = YES;
				CLANG_ENABLE_OBJC_ARC = YES;
				CLANG_WARN_BLOCK_CAPTURE_AUTORELEASING = YES;
				CLANG_WARN_BOOL_CONVERSION = YES;
				CLANG_WARN_COMMA = YES;
				CLANG_WARN_CONSTANT_CONVERSION = YES;
				CLANG_WARN_DIRECT_OBJC_ISA_USAGE = YES_ERROR;
				CLANG_WARN_DOCUMENTATION_COMMENTS = YES;
				CLANG_WARN_EMPTY_BODY = YES;
				CLANG_WARN_ENUM_CONVERSION = YES;
				CLANG_WARN_INFINITE_RECURSION = YES;
				CLANG_WARN_INT_CONVERSION = YES;
				CLANG_WARN_NON_LITERAL_NULL_CONVERSION = YES;
				CLANG_WARN_OBJC_LITERAL_CONVERSION = YES;
				CLANG_WARN_OBJC_ROOT_CLASS = YES_ERROR;
				CLANG_WARN_RANGE_LOOP_ANALYSIS = YES;
				CLANG_WARN_STRICT_PROTOTYPES = YES;
				CLANG_WARN_SUSPICIOUS_MOVE = YES;
				CLANG_WARN_UNGUARDED_AVAILABILITY = YES_AGGRESSIVE;
				CLANG_WARN_UNREACHABLE_CODE = YES;
				CLANG_WARN__DUPLICATE_METHOD_MATCH = YES;
				CODE_SIGN_IDENTITY = "iPhone Developer";
				COPY_PHASE_STRIP = NO;
				DEBUG_INFORMATION_FORMAT = "dwarf-with-dsym";
				ENABLE_NS_ASSERTIONS = NO;
				ENABLE_STRICT_OBJC_MSGSEND = YES;
				GCC_C_LANGUAGE_STANDARD = gnu11;
				GCC_NO_COMMON_BLOCKS = YES;
				GCC_WARN_64_TO_32_BIT_CONVERSION = YES;
				GCC_WARN_ABOUT_RETURN_TYPE = YES_ERROR;
				GCC_WARN_UNDECLARED_SELECTOR = YES;
				GCC_WARN_UNINITIALIZED_AUTOS = YES_AGGRESSIVE;
				GCC_WARN_UNUSED_FUNCTION = YES;
				GCC_WARN_UNUSED_VARIABLE = YES;
				IPHONEOS_DEPLOYMENT_TARGET = 11.0;
				MTL_ENABLE_DEBUG_INFO = NO;
				SDKROOT = iphoneos;
				SWIFT_OPTIMIZATION_LEVEL = "-Owholemodule";
				VALIDATE_PRODUCT = YES;
			};
			name = Release;
		};
		FBAC5EE21FA401E4007B41A5 /* Debug */ = {
			isa = XCBuildConfiguration;
			buildSettings = {
				ASSETCATALOG_COMPILER_APPICON_NAME = AppIcon;
				CODE_SIGN_STYLE = Automatic;
				DEVELOPMENT_TEAM = XJY6K7P63P;
				INFOPLIST_FILE = "Clase 7/Info.plist";
				LD_RUNPATH_SEARCH_PATHS = "$(inherited) @executable_path/Frameworks";
				PRODUCT_BUNDLE_IDENTIFIER = "pe.area51.Clase-7";
				PRODUCT_NAME = "$(TARGET_NAME)";
				SWIFT_VERSION = 4.0;
				TARGETED_DEVICE_FAMILY = "1,2";
			};
			name = Debug;
		};
		FBAC5EE31FA401E4007B41A5 /* Release */ = {
			isa = XCBuildConfiguration;
			buildSettings = {
				ASSETCATALOG_COMPILER_APPICON_NAME = AppIcon;
				CODE_SIGN_STYLE = Automatic;
				DEVELOPMENT_TEAM = XJY6K7P63P;
				INFOPLIST_FILE = "Clase 7/Info.plist";
				LD_RUNPATH_SEARCH_PATHS = "$(inherited) @executable_path/Frameworks";
				PRODUCT_BUNDLE_IDENTIFIER = "pe.area51.Clase-7";
				PRODUCT_NAME = "$(TARGET_NAME)";
				SWIFT_VERSION = 4.0;
				TARGETED_DEVICE_FAMILY = "1,2";
			};
			name = Release;
		};
/* End XCBuildConfiguration section */

/* Begin XCConfigurationList section */
		FBAC5ECA1FA401E4007B41A5 /* Build configuration list for PBXProject "Clase 7" */ = {
			isa = XCConfigurationList;
			buildConfigurations = (
				FBAC5EDF1FA401E4007B41A5 /* Debug */,
				FBAC5EE01FA401E4007B41A5 /* Release */,
			);
			defaultConfigurationIsVisible = 0;
			defaultConfigurationName = Release;
		};
		FBAC5EE11FA401E4007B41A5 /* Build configuration list for PBXNativeTarget "Clase 7" */ = {
			isa = XCConfigurationList;
			buildConfigurations = (
				FBAC5EE21FA401E4007B41A5 /* Debug */,
				FBAC5EE31FA401E4007B41A5 /* Release */,
			);
			defaultConfigurationIsVisible = 0;
			defaultConfigurationName = Release;
		};
/* End XCConfigurationList section */
	};
	rootObject = FBAC5EC71FA401E4007B41A5 /* Project object */;
}
