// !$*UTF8*$!
{
	archiveVersion = 1;
	classes = {
	};
	objectVersion = 48;
	objects = {

/* Begin PBXBuildFile section */
		FB91B4661FAD3AC700AA97BB /* AppDelegate.swift in Sources */ = {isa = PBXBuildFile; fileRef = FB91B4651FAD3AC700AA97BB /* AppDelegate.swift */; };
		FB91B46D1FAD3AC700AA97BB /* Assets.xcassets in Resources */ = {isa = PBXBuildFile; fileRef = FB91B46C1FAD3AC700AA97BB /* Assets.xcassets */; };
		FB91B4701FAD3AC700AA97BB /* LaunchScreen.storyboard in Resources */ = {isa = PBXBuildFile; fileRef = FB91B46E1FAD3AC700AA97BB /* LaunchScreen.storyboard */; };
		FBDD39921FAD3D8A0044EEE3 /* Login.storyboard in Resources */ = {isa = PBXBuildFile; fileRef = FBDD39911FAD3D8A0044EEE3 /* Login.storyboard */; };
		FBDD39941FAD3D990044EEE3 /* App.storyboard in Resources */ = {isa = PBXBuildFile; fileRef = FBDD39931FAD3D990044EEE3 /* App.storyboard */; };
		FBDD39961FAD3EA80044EEE3 /* LoginManagerViewController.swift in Sources */ = {isa = PBXBuildFile; fileRef = FBDD39951FAD3EA80044EEE3 /* LoginManagerViewController.swift */; };
		FBDD39981FAD3FB90044EEE3 /* AppViewController.swift in Sources */ = {isa = PBXBuildFile; fileRef = FBDD39971FAD3FB90044EEE3 /* AppViewController.swift */; };
/* End PBXBuildFile section */

/* Begin PBXFileReference section */
		FB91B4621FAD3AC700AA97BB /* Clase1_Mod2.app */ = {isa = PBXFileReference; explicitFileType = wrapper.application; includeInIndex = 0; path = Clase1_Mod2.app; sourceTree = BUILT_PRODUCTS_DIR; };
		FB91B4651FAD3AC700AA97BB /* AppDelegate.swift */ = {isa = PBXFileReference; lastKnownFileType = sourcecode.swift; path = AppDelegate.swift; sourceTree = "<group>"; };
		FB91B46C1FAD3AC700AA97BB /* Assets.xcassets */ = {isa = PBXFileReference; lastKnownFileType = folder.assetcatalog; path = Assets.xcassets; sourceTree = "<group>"; };
		FB91B46F1FAD3AC700AA97BB /* Base */ = {isa = PBXFileReference; lastKnownFileType = file.storyboard; name = Base; path = Base.lproj/LaunchScreen.storyboard; sourceTree = "<group>"; };
		FB91B4711FAD3AC700AA97BB /* Info.plist */ = {isa = PBXFileReference; lastKnownFileType = text.plist.xml; path = Info.plist; sourceTree = "<group>"; };
		FBDD39911FAD3D8A0044EEE3 /* Login.storyboard */ = {isa = PBXFileReference; lastKnownFileType = file.storyboard; path = Login.storyboard; sourceTree = "<group>"; };
		FBDD39931FAD3D990044EEE3 /* App.storyboard */ = {isa = PBXFileReference; lastKnownFileType = file.storyboard; path = App.storyboard; sourceTree = "<group>"; };
		FBDD39951FAD3EA80044EEE3 /* LoginManagerViewController.swift */ = {isa = PBXFileReference; lastKnownFileType = sourcecode.swift; path = LoginManagerViewController.swift; sourceTree = "<group>"; };
		FBDD39971FAD3FB90044EEE3 /* AppViewController.swift */ = {isa = PBXFileReference; lastKnownFileType = sourcecode.swift; path = AppViewController.swift; sourceTree = "<group>"; };
/* End PBXFileReference section */

/* Begin PBXFrameworksBuildPhase section */
		FB91B45F1FAD3AC700AA97BB /* Frameworks */ = {
			isa = PBXFrameworksBuildPhase;
			buildActionMask = 2147483647;
			files = (
			);
			runOnlyForDeploymentPostprocessing = 0;
		};
/* End PBXFrameworksBuildPhase section */

/* Begin PBXGroup section */
		FB91B4591FAD3AC700AA97BB = {
			isa = PBXGroup;
			children = (
				FB91B4641FAD3AC700AA97BB /* Clase1_Mod2 */,
				FB91B4631FAD3AC700AA97BB /* Products */,
			);
			sourceTree = "<group>";
		};
		FB91B4631FAD3AC700AA97BB /* Products */ = {
			isa = PBXGroup;
			children = (
				FB91B4621FAD3AC700AA97BB /* Clase1_Mod2.app */,
			);
			name = Products;
			sourceTree = "<group>";
		};
		FB91B4641FAD3AC700AA97BB /* Clase1_Mod2 */ = {
			isa = PBXGroup;
			children = (
				FB91B4651FAD3AC700AA97BB /* AppDelegate.swift */,
				FB91B46C1FAD3AC700AA97BB /* Assets.xcassets */,
				FB91B46E1FAD3AC700AA97BB /* LaunchScreen.storyboard */,
				FB91B4711FAD3AC700AA97BB /* Info.plist */,
				FBDD39911FAD3D8A0044EEE3 /* Login.storyboard */,
				FBDD39931FAD3D990044EEE3 /* App.storyboard */,
				FBDD39951FAD3EA80044EEE3 /* LoginManagerViewController.swift */,
				FBDD39971FAD3FB90044EEE3 /* AppViewController.swift */,
			);
			path = Clase1_Mod2;
			sourceTree = "<group>";
		};
/* End PBXGroup section */

/* Begin PBXNativeTarget section */
		FB91B4611FAD3AC700AA97BB /* Clase1_Mod2 */ = {
			isa = PBXNativeTarget;
			buildConfigurationList = FB91B4741FAD3AC700AA97BB /* Build configuration list for PBXNativeTarget "Clase1_Mod2" */;
			buildPhases = (
				FB91B45E1FAD3AC700AA97BB /* Sources */,
				FB91B45F1FAD3AC700AA97BB /* Frameworks */,
				FB91B4601FAD3AC700AA97BB /* Resources */,
			);
			buildRules = (
			);
			dependencies = (
			);
			name = Clase1_Mod2;
			productName = Clase1_Mod2;
			productReference = FB91B4621FAD3AC700AA97BB /* Clase1_Mod2.app */;
			productType = "com.apple.product-type.application";
		};
/* End PBXNativeTarget section */

/* Begin PBXProject section */
		FB91B45A1FAD3AC700AA97BB /* Project object */ = {
			isa = PBXProject;
			attributes = {
				LastSwiftUpdateCheck = 0900;
				LastUpgradeCheck = 0900;
				ORGANIZATIONNAME = "Franti Saúl Huamán Mera";
				TargetAttributes = {
					FB91B4611FAD3AC700AA97BB = {
						CreatedOnToolsVersion = 9.0;
						ProvisioningStyle = Automatic;
					};
				};
			};
			buildConfigurationList = FB91B45D1FAD3AC700AA97BB /* Build configuration list for PBXProject "Clase1_Mod2" */;
			compatibilityVersion = "Xcode 8.0";
			developmentRegion = en;
			hasScannedForEncodings = 0;
			knownRegions = (
				en,
				Base,
			);
			mainGroup = FB91B4591FAD3AC700AA97BB;
			productRefGroup = FB91B4631FAD3AC700AA97BB /* Products */;
			projectDirPath = "";
			projectRoot = "";
			targets = (
				FB91B4611FAD3AC700AA97BB /* Clase1_Mod2 */,
			);
		};
/* End PBXProject section */

/* Begin PBXResourcesBuildPhase section */
		FB91B4601FAD3AC700AA97BB /* Resources */ = {
			isa = PBXResourcesBuildPhase;
			buildActionMask = 2147483647;
			files = (
				FB91B4701FAD3AC700AA97BB /* LaunchScreen.storyboard in Resources */,
				FB91B46D1FAD3AC700AA97BB /* Assets.xcassets in Resources */,
				FBDD39941FAD3D990044EEE3 /* App.storyboard in Resources */,
				FBDD39921FAD3D8A0044EEE3 /* Login.storyboard in Resources */,
			);
			runOnlyForDeploymentPostprocessing = 0;
		};
/* End PBXResourcesBuildPhase section */

/* Begin PBXSourcesBuildPhase section */
		FB91B45E1FAD3AC700AA97BB /* Sources */ = {
			isa = PBXSourcesBuildPhase;
			buildActionMask = 2147483647;
			files = (
				FBDD39981FAD3FB90044EEE3 /* AppViewController.swift in Sources */,
				FBDD39961FAD3EA80044EEE3 /* LoginManagerViewController.swift in Sources */,
				FB91B4661FAD3AC700AA97BB /* AppDelegate.swift in Sources */,
			);
			runOnlyForDeploymentPostprocessing = 0;
		};
/* End PBXSourcesBuildPhase section */

/* Begin PBXVariantGroup section */
		FB91B46E1FAD3AC700AA97BB /* LaunchScreen.storyboard */ = {
			isa = PBXVariantGroup;
			children = (
				FB91B46F1FAD3AC700AA97BB /* Base */,
			);
			name = LaunchScreen.storyboard;
			sourceTree = "<group>";
		};
/* End PBXVariantGroup section */

/* Begin XCBuildConfiguration section */
		FB91B4721FAD3AC700AA97BB /* Debug */ = {
			isa = XCBuildConfiguration;
			buildSettings = {
				ALWAYS_SEARCH_USER_PATHS = NO;
				CLANG_ANALYZER_NONNULL = YES;
				CLANG_ANALYZER_NUMBER_OBJECT_CONVERSION = YES_AGGRESSIVE;
				CLANG_CXX_LANGUAGE_STANDARD = "gnu++14";
				CLANG_CXX_LIBRARY = "libc++";
				CLANG_ENABLE_MODULES = YES;
				CLANG_ENABLE_OBJC_ARC = YES;
				CLANG_WARN_BLOCK_CAPTURE_AUTORELEASING = YES;
				CLANG_WARN_BOOL_CONVERSION = YES;
				CLANG_WARN_COMMA = YES;
				CLANG_WARN_CONSTANT_CONVERSION = YES;
				CLANG_WARN_DIRECT_OBJC_ISA_USAGE = YES_ERROR;
				CLANG_WARN_DOCUMENTATION_COMMENTS = YES;
				CLANG_WARN_EMPTY_BODY = YES;
				CLANG_WARN_ENUM_CONVERSION = YES;
				CLANG_WARN_INFINITE_RECURSION = YES;
				CLANG_WARN_INT_CONVERSION = YES;
				CLANG_WARN_NON_LITERAL_NULL_CONVERSION = YES;
				CLANG_WARN_OBJC_LITERAL_CONVERSION = YES;
				CLANG_WARN_OBJC_ROOT_CLASS = YES_ERROR;
				CLANG_WARN_RANGE_LOOP_ANALYSIS = YES;
				CLANG_WARN_STRICT_PROTOTYPES = YES;
				CLANG_WARN_SUSPICIOUS_MOVE = YES;
				CLANG_WARN_UNGUARDED_AVAILABILITY = YES_AGGRESSIVE;
				CLANG_WARN_UNREACHABLE_CODE = YES;
				CLANG_WARN__DUPLICATE_METHOD_MATCH = YES;
				CODE_SIGN_IDENTITY = "iPhone Developer";
				COPY_PHASE_STRIP = NO;
				DEBUG_INFORMATION_FORMAT = dwarf;
				ENABLE_STRICT_OBJC_MSGSEND = YES;
				ENABLE_TESTABILITY = YES;
				GCC_C_LANGUAGE_STANDARD = gnu11;
				GCC_DYNAMIC_NO_PIC = NO;
				GCC_NO_COMMON_BLOCKS = YES;
				GCC_OPTIMIZATION_LEVEL = 0;
				GCC_PREPROCESSOR_DEFINITIONS = (
					"DEBUG=1",
					"$(inherited)",
				);
				GCC_WARN_64_TO_32_BIT_CONVERSION = YES;
				GCC_WARN_ABOUT_RETURN_TYPE = YES_ERROR;
				GCC_WARN_UNDECLARED_SELECTOR = YES;
				GCC_WARN_UNINITIALIZED_AUTOS = YES_AGGRESSIVE;
				GCC_WARN_UNUSED_FUNCTION = YES;
				GCC_WARN_UNUSED_VARIABLE = YES;
				IPHONEOS_DEPLOYMENT_TARGET = 11.0;
				MTL_ENABLE_DEBUG_INFO = YES;
				ONLY_ACTIVE_ARCH = YES;
				SDKROOT = iphoneos;
				SWIFT_ACTIVE_COMPILATION_CONDITIONS = DEBUG;
				SWIFT_OPTIMIZATION_LEVEL = "-Onone";
			};
			name = Debug;
		};
		FB91B4731FAD3AC700AA97BB /* Release */ = {
			isa = XCBuildConfiguration;
			buildSettings = {
				ALWAYS_SEARCH_USER_PATHS = NO;
				CLANG_ANALYZER_NONNULL = YES;
				CLANG_ANALYZER_NUMBER_OBJECT_CONVERSION = YES_AGGRESSIVE;
				CLANG_CXX_LANGUAGE_STANDARD = "gnu++14";
				CLANG_CXX_LIBRARY = "libc++";
				CLANG_ENABLE_MODULES = YES;
				CLANG_ENABLE_OBJC_ARC = YES;
				CLANG_WARN_BLOCK_CAPTURE_AUTORELEASING = YES;
				CLANG_WARN_BOOL_CONVERSION = YES;
				CLANG_WARN_COMMA = YES;
				CLANG_WARN_CONSTANT_CONVERSION = YES;
				CLANG_WARN_DIRECT_OBJC_ISA_USAGE = YES_ERROR;
				CLANG_WARN_DOCUMENTATION_COMMENTS = YES;
				CLANG_WARN_EMPTY_BODY = YES;
				CLANG_WARN_ENUM_CONVERSION = YES;
				CLANG_WARN_INFINITE_RECURSION = YES;
				CLANG_WARN_INT_CONVERSION = YES;
				CLANG_WARN_NON_LITERAL_NULL_CONVERSION = YES;
				CLANG_WARN_OBJC_LITERAL_CONVERSION = YES;
				CLANG_WARN_OBJC_ROOT_CLASS = YES_ERROR;
				CLANG_WARN_RANGE_LOOP_ANALYSIS = YES;
				CLANG_WARN_STRICT_PROTOTYPES = YES;
				CLANG_WARN_SUSPICIOUS_MOVE = YES;
				CLANG_WARN_UNGUARDED_AVAILABILITY = YES_AGGRESSIVE;
				CLANG_WARN_UNREACHABLE_CODE = YES;
				CLANG_WARN__DUPLICATE_METHOD_MATCH = YES;
				CODE_SIGN_IDENTITY = "iPhone Developer";
				COPY_PHASE_STRIP = NO;
				DEBUG_INFORMATION_FORMAT = "dwarf-with-dsym";
				ENABLE_NS_ASSERTIONS = NO;
				ENABLE_STRICT_OBJC_MSGSEND = YES;
				GCC_C_LANGUAGE_STANDARD = gnu11;
				GCC_NO_COMMON_BLOCKS = YES;
				GCC_WARN_64_TO_32_BIT_CONVERSION = YES;
				GCC_WARN_ABOUT_RETURN_TYPE = YES_ERROR;
				GCC_WARN_UNDECLARED_SELECTOR = YES;
				GCC_WARN_UNINITIALIZED_AUTOS = YES_AGGRESSIVE;
				GCC_WARN_UNUSED_FUNCTION = YES;
				GCC_WARN_UNUSED_VARIABLE = YES;
				IPHONEOS_DEPLOYMENT_TARGET = 11.0;
				MTL_ENABLE_DEBUG_INFO = NO;
				SDKROOT = iphoneos;
				SWIFT_OPTIMIZATION_LEVEL = "-Owholemodule";
				VALIDATE_PRODUCT = YES;
			};
			name = Release;
		};
		FB91B4751FAD3AC700AA97BB /* Debug */ = {
			isa = XCBuildConfiguration;
			buildSettings = {
				ASSETCATALOG_COMPILER_APPICON_NAME = AppIcon;
				CODE_SIGN_STYLE = Automatic;
				DEVELOPMENT_TEAM = XJY6K7P63P;
				INFOPLIST_FILE = Clase1_Mod2/Info.plist;
				LD_RUNPATH_SEARCH_PATHS = "$(inherited) @executable_path/Frameworks";
				PRODUCT_BUNDLE_IDENTIFIER = "pe.area51.Clase1-Mod2";
				PRODUCT_NAME = "$(TARGET_NAME)";
				SWIFT_VERSION = 4.0;
				TARGETED_DEVICE_FAMILY = "1,2";
			};
			name = Debug;
		};
		FB91B4761FAD3AC700AA97BB /* Release */ = {
			isa = XCBuildConfiguration;
			buildSettings = {
				ASSETCATALOG_COMPILER_APPICON_NAME = AppIcon;
				CODE_SIGN_STYLE = Automatic;
				DEVELOPMENT_TEAM = XJY6K7P63P;
				INFOPLIST_FILE = Clase1_Mod2/Info.plist;
				LD_RUNPATH_SEARCH_PATHS = "$(inherited) @executable_path/Frameworks";
				PRODUCT_BUNDLE_IDENTIFIER = "pe.area51.Clase1-Mod2";
				PRODUCT_NAME = "$(TARGET_NAME)";
				SWIFT_VERSION = 4.0;
				TARGETED_DEVICE_FAMILY = "1,2";
			};
			name = Release;
		};
/* End XCBuildConfiguration section */

/* Begin XCConfigurationList section */
		FB91B45D1FAD3AC700AA97BB /* Build configuration list for PBXProject "Clase1_Mod2" */ = {
			isa = XCConfigurationList;
			buildConfigurations = (
				FB91B4721FAD3AC700AA97BB /* Debug */,
				FB91B4731FAD3AC700AA97BB /* Release */,
			);
			defaultConfigurationIsVisible = 0;
			defaultConfigurationName = Release;
		};
		FB91B4741FAD3AC700AA97BB /* Build configuration list for PBXNativeTarget "Clase1_Mod2" */ = {
			isa = XCConfigurationList;
			buildConfigurations = (
				FB91B4751FAD3AC700AA97BB /* Debug */,
				FB91B4761FAD3AC700AA97BB /* Release */,
			);
			defaultConfigurationIsVisible = 0;
			defaultConfigurationName = Release;
		};
/* End XCConfigurationList section */
	};
	rootObject = FB91B45A1FAD3AC700AA97BB /* Project object */;
}
